github.com/kless/term v0.0.0-20161130133337-e551c64f56c0 h1:urSxQgTe6jlMLp7SBqS9kScNOFrkumkEPd5wkEqR4zo=
github.com/kless/term v0.0.0-20161130133337-e551c64f56c0/go.mod h1:QHlPrsvQ38EZ3avQaGw+V049LEqMXGn/Q7///G4rlPw=
github.com/tredoe/term v0.0.0-20161130133337-e551c64f56c0 h1:62GgUset6v9/OOwgp6G9G0T85xd1tSrxuJb6B32wfC0=
github.com/tredoe/term v0.0.0-20161130133337-e551c64f56c0/go.mod h1:KgcOI1tnP8CSXsT+9RJU/CYuGBjeJAXbhyG8ufn21jQ=
golang.org/x/sys v0.0.0-20211023085530-d6a326fbbf70 h1:SeSEfdIxyvwGJliREIJhRPPXvW6sDlLT+UQ3B0hD0NA=
golang.org/x/sys v0.0.0-20211023085530-d6a326fbbf70/go.mod h1:oPkhp1MJrh7nUepCBck5+mAzfO9JrbApNNgaTdGDITg=
